// !$*UTF8*$!
{
	archiveVersion = 1;
	classes = {
	};
	objectVersion = 46;
	objects = {

/* Begin PBXBuildFile section */
		1C9D8B0F1943F1C000054BB3 /* VideoTableViewCell.m in Sources */ = {isa = PBXBuildFile; fileRef = 1C9D8B0E1943F1C000054BB3 /* VideoTableViewCell.m */; };
		1C9D8B1519441F1C00054BB3 /* VideoPlayerViewController.m in Sources */ = {isa = PBXBuildFile; fileRef = 1C9D8B1419441F1C00054BB3 /* VideoPlayerViewController.m */; };
		1CAE85281942FA5B007C0152 /* Video.m in Sources */ = {isa = PBXBuildFile; fileRef = 1CAE85271942FA5B007C0152 /* Video.m */; };
		1CAE852B1942FCE1007C0152 /* YouTubeVideoProvider.m in Sources */ = {isa = PBXBuildFile; fileRef = 1CAE852A1942FCE1007C0152 /* YouTubeVideoProvider.m */; };
		1CAE852E19437A4E007C0152 /* VideoServiceLocator.m in Sources */ = {isa = PBXBuildFile; fileRef = 1CAE852D19437A4E007C0152 /* VideoServiceLocator.m */; };
		1CCF6C161942DBA400C759E4 /* Foundation.framework in Frameworks */ = {isa = PBXBuildFile; fileRef = 1CCF6C151942DBA400C759E4 /* Foundation.framework */; };
		1CCF6C181942DBA400C759E4 /* CoreGraphics.framework in Frameworks */ = {isa = PBXBuildFile; fileRef = 1CCF6C171942DBA400C759E4 /* CoreGraphics.framework */; };
		1CCF6C1A1942DBA400C759E4 /* UIKit.framework in Frameworks */ = {isa = PBXBuildFile; fileRef = 1CCF6C191942DBA400C759E4 /* UIKit.framework */; };
		1CCF6C201942DBA400C759E4 /* InfoPlist.strings in Resources */ = {isa = PBXBuildFile; fileRef = 1CCF6C1E1942DBA400C759E4 /* InfoPlist.strings */; };
		1CCF6C221942DBA400C759E4 /* main.m in Sources */ = {isa = PBXBuildFile; fileRef = 1CCF6C211942DBA400C759E4 /* main.m */; };
		1CCF6C261942DBA400C759E4 /* EFAAppDelegate.m in Sources */ = {isa = PBXBuildFile; fileRef = 1CCF6C251942DBA400C759E4 /* EFAAppDelegate.m */; };
		1CCF6C291942DBA400C759E4 /* Main.storyboard in Resources */ = {isa = PBXBuildFile; fileRef = 1CCF6C271942DBA400C759E4 /* Main.storyboard */; };
		1CCF6C2E1942DBA400C759E4 /* Images.xcassets in Resources */ = {isa = PBXBuildFile; fileRef = 1CCF6C2D1942DBA400C759E4 /* Images.xcassets */; };
		1CCF6C351942DBA400C759E4 /* XCTest.framework in Frameworks */ = {isa = PBXBuildFile; fileRef = 1CCF6C341942DBA400C759E4 /* XCTest.framework */; };
		1CCF6C361942DBA400C759E4 /* Foundation.framework in Frameworks */ = {isa = PBXBuildFile; fileRef = 1CCF6C151942DBA400C759E4 /* Foundation.framework */; };
		1CCF6C371942DBA400C759E4 /* UIKit.framework in Frameworks */ = {isa = PBXBuildFile; fileRef = 1CCF6C191942DBA400C759E4 /* UIKit.framework */; };
		1CCF6C3F1942DBA400C759E4 /* InfoPlist.strings in Resources */ = {isa = PBXBuildFile; fileRef = 1CCF6C3D1942DBA400C759E4 /* InfoPlist.strings */; };
		1CCF6C411942DBA400C759E4 /* EasyFitAppTests.m in Sources */ = {isa = PBXBuildFile; fileRef = 1CCF6C401942DBA400C759E4 /* EasyFitAppTests.m */; };
		1CCF6C4C1942DEC200C759E4 /* MainViewController.m in Sources */ = {isa = PBXBuildFile; fileRef = 1CCF6C4B1942DEC200C759E4 /* MainViewController.m */; };
		1CCF6C511942F0C300C759E4 /* NutritionViewController.m in Sources */ = {isa = PBXBuildFile; fileRef = 1CCF6C501942F0C300C759E4 /* NutritionViewController.m */; };
		1CCF6C541942F0D500C759E4 /* WorkoutViewController.m in Sources */ = {isa = PBXBuildFile; fileRef = 1CCF6C531942F0D500C759E4 /* WorkoutViewController.m */; };
		1CCF6C571942F0E600C759E4 /* DetoxViewController.m in Sources */ = {isa = PBXBuildFile; fileRef = 1CCF6C561942F0E600C759E4 /* DetoxViewController.m */; };
		1CE5F0B81943CF8D00FD8D96 /* AFNetworkActivityLogger.m in Sources */ = {isa = PBXBuildFile; fileRef = 1CE5F0B71943CF8D00FD8D96 /* AFNetworkActivityLogger.m */; };
		72219040A6F5445B8DDBD6E8 /* libPods.a in Frameworks */ = {isa = PBXBuildFile; fileRef = 96647BE6B1B742BBA4CE3791 /* libPods.a */; };
/* End PBXBuildFile section */

/* Begin PBXContainerItemProxy section */
		1CCF6C381942DBA400C759E4 /* PBXContainerItemProxy */ = {
			isa = PBXContainerItemProxy;
			containerPortal = 1CCF6C0A1942DBA400C759E4 /* Project object */;
			proxyType = 1;
			remoteGlobalIDString = 1CCF6C111942DBA400C759E4;
			remoteInfo = EasyFitApp;
		};
/* End PBXContainerItemProxy section */

/* Begin PBXFileReference section */
		14CFDAD1E6674997B7BBB7CA /* Pods.xcconfig */ = {isa = PBXFileReference; includeInIndex = 1; lastKnownFileType = text.xcconfig; name = Pods.xcconfig; path = Pods/Pods.xcconfig; sourceTree = "<group>"; };
		1C9D8B0D1943F1C000054BB3 /* VideoTableViewCell.h */ = {isa = PBXFileReference; fileEncoding = 4; lastKnownFileType = sourcecode.c.h; path = VideoTableViewCell.h; sourceTree = "<group>"; };
		1C9D8B0E1943F1C000054BB3 /* VideoTableViewCell.m */ = {isa = PBXFileReference; fileEncoding = 4; lastKnownFileType = sourcecode.c.objc; path = VideoTableViewCell.m; sourceTree = "<group>"; };
		1C9D8B1319441F1C00054BB3 /* VideoPlayerViewController.h */ = {isa = PBXFileReference; fileEncoding = 4; lastKnownFileType = sourcecode.c.h; path = VideoPlayerViewController.h; sourceTree = "<group>"; };
		1C9D8B1419441F1C00054BB3 /* VideoPlayerViewController.m */ = {isa = PBXFileReference; fileEncoding = 4; lastKnownFileType = sourcecode.c.objc; path = VideoPlayerViewController.m; sourceTree = "<group>"; };
		1CAE85231942F8E5007C0152 /* VideoProviderProtocol.h */ = {isa = PBXFileReference; lastKnownFileType = sourcecode.c.h; path = VideoProviderProtocol.h; sourceTree = "<group>"; };
		1CAE85241942FA16007C0152 /* VideoConsumerDelegate.h */ = {isa = PBXFileReference; lastKnownFileType = sourcecode.c.h; path = VideoConsumerDelegate.h; sourceTree = "<group>"; };
		1CAE85261942FA5B007C0152 /* Video.h */ = {isa = PBXFileReference; fileEncoding = 4; lastKnownFileType = sourcecode.c.h; path = Video.h; sourceTree = "<group>"; };
		1CAE85271942FA5B007C0152 /* Video.m */ = {isa = PBXFileReference; fileEncoding = 4; lastKnownFileType = sourcecode.c.objc; path = Video.m; sourceTree = "<group>"; };
		1CAE85291942FCE1007C0152 /* YouTubeVideoProvider.h */ = {isa = PBXFileReference; fileEncoding = 4; lastKnownFileType = sourcecode.c.h; path = YouTubeVideoProvider.h; sourceTree = "<group>"; };
		1CAE852A1942FCE1007C0152 /* YouTubeVideoProvider.m */ = {isa = PBXFileReference; fileEncoding = 4; lastKnownFileType = sourcecode.c.objc; path = YouTubeVideoProvider.m; sourceTree = "<group>"; };
		1CAE852C19437A4E007C0152 /* VideoServiceLocator.h */ = {isa = PBXFileReference; fileEncoding = 4; lastKnownFileType = sourcecode.c.h; path = VideoServiceLocator.h; sourceTree = "<group>"; };
		1CAE852D19437A4E007C0152 /* VideoServiceLocator.m */ = {isa = PBXFileReference; fileEncoding = 4; lastKnownFileType = sourcecode.c.objc; path = VideoServiceLocator.m; sourceTree = "<group>"; };
		1CCF6C121942DBA400C759E4 /* EasyFitApp.app */ = {isa = PBXFileReference; explicitFileType = wrapper.application; includeInIndex = 0; path = EasyFitApp.app; sourceTree = BUILT_PRODUCTS_DIR; };
		1CCF6C151942DBA400C759E4 /* Foundation.framework */ = {isa = PBXFileReference; lastKnownFileType = wrapper.framework; name = Foundation.framework; path = System/Library/Frameworks/Foundation.framework; sourceTree = SDKROOT; };
		1CCF6C171942DBA400C759E4 /* CoreGraphics.framework */ = {isa = PBXFileReference; lastKnownFileType = wrapper.framework; name = CoreGraphics.framework; path = System/Library/Frameworks/CoreGraphics.framework; sourceTree = SDKROOT; };
		1CCF6C191942DBA400C759E4 /* UIKit.framework */ = {isa = PBXFileReference; lastKnownFileType = wrapper.framework; name = UIKit.framework; path = System/Library/Frameworks/UIKit.framework; sourceTree = SDKROOT; };
		1CCF6C1D1942DBA400C759E4 /* EasyFitApp-Info.plist */ = {isa = PBXFileReference; lastKnownFileType = text.plist.xml; path = "EasyFitApp-Info.plist"; sourceTree = "<group>"; };
		1CCF6C1F1942DBA400C759E4 /* en */ = {isa = PBXFileReference; lastKnownFileType = text.plist.strings; name = en; path = en.lproj/InfoPlist.strings; sourceTree = "<group>"; };
		1CCF6C211942DBA400C759E4 /* main.m */ = {isa = PBXFileReference; lastKnownFileType = sourcecode.c.objc; path = main.m; sourceTree = "<group>"; };
		1CCF6C231942DBA400C759E4 /* EasyFitApp-Prefix.pch */ = {isa = PBXFileReference; lastKnownFileType = sourcecode.c.h; path = "EasyFitApp-Prefix.pch"; sourceTree = "<group>"; };
		1CCF6C241942DBA400C759E4 /* EFAAppDelegate.h */ = {isa = PBXFileReference; lastKnownFileType = sourcecode.c.h; path = EFAAppDelegate.h; sourceTree = "<group>"; };
		1CCF6C251942DBA400C759E4 /* EFAAppDelegate.m */ = {isa = PBXFileReference; lastKnownFileType = sourcecode.c.objc; path = EFAAppDelegate.m; sourceTree = "<group>"; };
		1CCF6C281942DBA400C759E4 /* Base */ = {isa = PBXFileReference; lastKnownFileType = file.storyboard; name = Base; path = Base.lproj/Main.storyboard; sourceTree = "<group>"; };
		1CCF6C2D1942DBA400C759E4 /* Images.xcassets */ = {isa = PBXFileReference; lastKnownFileType = folder.assetcatalog; path = Images.xcassets; sourceTree = "<group>"; };
		1CCF6C331942DBA400C759E4 /* EasyFitAppTests.xctest */ = {isa = PBXFileReference; explicitFileType = wrapper.cfbundle; includeInIndex = 0; path = EasyFitAppTests.xctest; sourceTree = BUILT_PRODUCTS_DIR; };
		1CCF6C341942DBA400C759E4 /* XCTest.framework */ = {isa = PBXFileReference; lastKnownFileType = wrapper.framework; name = XCTest.framework; path = Library/Frameworks/XCTest.framework; sourceTree = DEVELOPER_DIR; };
		1CCF6C3C1942DBA400C759E4 /* EasyFitAppTests-Info.plist */ = {isa = PBXFileReference; lastKnownFileType = text.plist.xml; path = "EasyFitAppTests-Info.plist"; sourceTree = "<group>"; };
		1CCF6C3E1942DBA400C759E4 /* en */ = {isa = PBXFileReference; lastKnownFileType = text.plist.strings; name = en; path = en.lproj/InfoPlist.strings; sourceTree = "<group>"; };
		1CCF6C401942DBA400C759E4 /* EasyFitAppTests.m */ = {isa = PBXFileReference; lastKnownFileType = sourcecode.c.objc; path = EasyFitAppTests.m; sourceTree = "<group>"; };
		1CCF6C4A1942DEC200C759E4 /* MainViewController.h */ = {isa = PBXFileReference; fileEncoding = 4; lastKnownFileType = sourcecode.c.h; path = MainViewController.h; sourceTree = "<group>"; };
		1CCF6C4B1942DEC200C759E4 /* MainViewController.m */ = {isa = PBXFileReference; fileEncoding = 4; lastKnownFileType = sourcecode.c.objc; path = MainViewController.m; sourceTree = "<group>"; };
		1CCF6C4F1942F0C300C759E4 /* NutritionViewController.h */ = {isa = PBXFileReference; fileEncoding = 4; lastKnownFileType = sourcecode.c.h; name = NutritionViewController.h; path = ../../../NutritionViewController.h; sourceTree = "<group>"; };
		1CCF6C501942F0C300C759E4 /* NutritionViewController.m */ = {isa = PBXFileReference; fileEncoding = 4; lastKnownFileType = sourcecode.c.objc; name = NutritionViewController.m; path = ../../../NutritionViewController.m; sourceTree = "<group>"; };
		1CCF6C521942F0D500C759E4 /* WorkoutViewController.h */ = {isa = PBXFileReference; fileEncoding = 4; lastKnownFileType = sourcecode.c.h; path = WorkoutViewController.h; sourceTree = "<group>"; };
		1CCF6C531942F0D500C759E4 /* WorkoutViewController.m */ = {isa = PBXFileReference; fileEncoding = 4; lastKnownFileType = sourcecode.c.objc; path = WorkoutViewController.m; sourceTree = "<group>"; };
		1CCF6C551942F0E600C759E4 /* DetoxViewController.h */ = {isa = PBXFileReference; fileEncoding = 4; lastKnownFileType = sourcecode.c.h; path = DetoxViewController.h; sourceTree = "<group>"; };
		1CCF6C561942F0E600C759E4 /* DetoxViewController.m */ = {isa = PBXFileReference; fileEncoding = 4; lastKnownFileType = sourcecode.c.objc; path = DetoxViewController.m; sourceTree = "<group>"; };
		1CE5F0B61943CF8D00FD8D96 /* AFNetworkActivityLogger.h */ = {isa = PBXFileReference; fileEncoding = 4; lastKnownFileType = sourcecode.c.h; path = AFNetworkActivityLogger.h; sourceTree = "<group>"; };
		1CE5F0B71943CF8D00FD8D96 /* AFNetworkActivityLogger.m */ = {isa = PBXFileReference; fileEncoding = 4; lastKnownFileType = sourcecode.c.objc; path = AFNetworkActivityLogger.m; sourceTree = "<group>"; };
		96647BE6B1B742BBA4CE3791 /* libPods.a */ = {isa = PBXFileReference; explicitFileType = archive.ar; includeInIndex = 0; path = libPods.a; sourceTree = BUILT_PRODUCTS_DIR; };
/* End PBXFileReference section */

/* Begin PBXFrameworksBuildPhase section */
		1CCF6C0F1942DBA400C759E4 /* Frameworks */ = {
			isa = PBXFrameworksBuildPhase;
			buildActionMask = 2147483647;
			files = (
				1CCF6C181942DBA400C759E4 /* CoreGraphics.framework in Frameworks */,
				1CCF6C1A1942DBA400C759E4 /* UIKit.framework in Frameworks */,
				1CCF6C161942DBA400C759E4 /* Foundation.framework in Frameworks */,
				72219040A6F5445B8DDBD6E8 /* libPods.a in Frameworks */,
			);
			runOnlyForDeploymentPostprocessing = 0;
		};
		1CCF6C301942DBA400C759E4 /* Frameworks */ = {
			isa = PBXFrameworksBuildPhase;
			buildActionMask = 2147483647;
			files = (
				1CCF6C351942DBA400C759E4 /* XCTest.framework in Frameworks */,
				1CCF6C371942DBA400C759E4 /* UIKit.framework in Frameworks */,
				1CCF6C361942DBA400C759E4 /* Foundation.framework in Frameworks */,
			);
			runOnlyForDeploymentPostprocessing = 0;
		};
/* End PBXFrameworksBuildPhase section */

/* Begin PBXGroup section */
		1C9D8B0C1943F13A00054BB3 /* UIViewCells */ = {
			isa = PBXGroup;
			children = (
				1C9D8B0D1943F1C000054BB3 /* VideoTableViewCell.h */,
				1C9D8B0E1943F1C000054BB3 /* VideoTableViewCell.m */,
			);
			name = UIViewCells;
			sourceTree = "<group>";
		};
		1CAE85211942F85E007C0152 /* DataAccess */ = {
			isa = PBXGroup;
			children = (
				1CAE85251942FA31007C0152 /* DataAccessObjects */,
				1CAE85231942F8E5007C0152 /* VideoProviderProtocol.h */,
				1CAE85241942FA16007C0152 /* VideoConsumerDelegate.h */,
				1CAE852C19437A4E007C0152 /* VideoServiceLocator.h */,
				1CAE852D19437A4E007C0152 /* VideoServiceLocator.m */,
				1CAE85291942FCE1007C0152 /* YouTubeVideoProvider.h */,
				1CAE852A1942FCE1007C0152 /* YouTubeVideoProvider.m */,
			);
			name = DataAccess;
			sourceTree = "<group>";
		};
		1CAE85251942FA31007C0152 /* DataAccessObjects */ = {
			isa = PBXGroup;
			children = (
				1CAE85261942FA5B007C0152 /* Video.h */,
				1CAE85271942FA5B007C0152 /* Video.m */,
			);
			name = DataAccessObjects;
			sourceTree = "<group>";
		};
		1CCF6C091942DBA400C759E4 = {
			isa = PBXGroup;
			children = (
				1CCF6C1B1942DBA400C759E4 /* EasyFitApp */,
				1CCF6C3A1942DBA400C759E4 /* EasyFitAppTests */,
				1CCF6C141942DBA400C759E4 /* Frameworks */,
				1CCF6C131942DBA400C759E4 /* Products */,
				14CFDAD1E6674997B7BBB7CA /* Pods.xcconfig */,
			);
			sourceTree = "<group>";
		};
		1CCF6C131942DBA400C759E4 /* Products */ = {
			isa = PBXGroup;
			children = (
				1CCF6C121942DBA400C759E4 /* EasyFitApp.app */,
				1CCF6C331942DBA400C759E4 /* EasyFitAppTests.xctest */,
			);
			name = Products;
			sourceTree = "<group>";
		};
		1CCF6C141942DBA400C759E4 /* Frameworks */ = {
			isa = PBXGroup;
			children = (
				1CCF6C151942DBA400C759E4 /* Foundation.framework */,
				1CCF6C171942DBA400C759E4 /* CoreGraphics.framework */,
				1CCF6C191942DBA400C759E4 /* UIKit.framework */,
				1CCF6C341942DBA400C759E4 /* XCTest.framework */,
				96647BE6B1B742BBA4CE3791 /* libPods.a */,
			);
			name = Frameworks;
			sourceTree = "<group>";
		};
		1CCF6C1B1942DBA400C759E4 /* EasyFitApp */ = {
			isa = PBXGroup;
			children = (
				1CCF6C241942DBA400C759E4 /* EFAAppDelegate.h */,
				1CCF6C251942DBA400C759E4 /* EFAAppDelegate.m */,
				1CAE85211942F85E007C0152 /* DataAccess */,
				1CCF6C4D1942F08000C759E4 /* ViewControllers */,
				1CCF6C4E1942F08E00C759E4 /* Views */,
				1CE5F0B41943CF8300FD8D96 /* Utilities */,
				1CCF6C2D1942DBA400C759E4 /* Images.xcassets */,
				1CCF6C1C1942DBA400C759E4 /* Supporting Files */,
			);
			path = EasyFitApp;
			sourceTree = "<group>";
		};
		1CCF6C1C1942DBA400C759E4 /* Supporting Files */ = {
			isa = PBXGroup;
			children = (
				1CCF6C1D1942DBA400C759E4 /* EasyFitApp-Info.plist */,
				1CCF6C1E1942DBA400C759E4 /* InfoPlist.strings */,
				1CCF6C211942DBA400C759E4 /* main.m */,
				1CCF6C231942DBA400C759E4 /* EasyFitApp-Prefix.pch */,
			);
			name = "Supporting Files";
			sourceTree = "<group>";
		};
		1CCF6C3A1942DBA400C759E4 /* EasyFitAppTests */ = {
			isa = PBXGroup;
			children = (
				1CCF6C401942DBA400C759E4 /* EasyFitAppTests.m */,
				1CCF6C3B1942DBA400C759E4 /* Supporting Files */,
			);
			path = EasyFitAppTests;
			sourceTree = "<group>";
		};
		1CCF6C3B1942DBA400C759E4 /* Supporting Files */ = {
			isa = PBXGroup;
			children = (
				1CCF6C3C1942DBA400C759E4 /* EasyFitAppTests-Info.plist */,
				1CCF6C3D1942DBA400C759E4 /* InfoPlist.strings */,
			);
			name = "Supporting Files";
			sourceTree = "<group>";
		};
		1CCF6C4D1942F08000C759E4 /* ViewControllers */ = {
			isa = PBXGroup;
			children = (
				1CCF6C4A1942DEC200C759E4 /* MainViewController.h */,
				1CCF6C4B1942DEC200C759E4 /* MainViewController.m */,
				1CCF6C4F1942F0C300C759E4 /* NutritionViewController.h */,
				1CCF6C501942F0C300C759E4 /* NutritionViewController.m */,
				1CCF6C521942F0D500C759E4 /* WorkoutViewController.h */,
				1CCF6C531942F0D500C759E4 /* WorkoutViewController.m */,
				1CCF6C551942F0E600C759E4 /* DetoxViewController.h */,
				1CCF6C561942F0E600C759E4 /* DetoxViewController.m */,
				1C9D8B1319441F1C00054BB3 /* VideoPlayerViewController.h */,
				1C9D8B1419441F1C00054BB3 /* VideoPlayerViewController.m */,
			);
			name = ViewControllers;
			sourceTree = "<group>";
		};
		1CCF6C4E1942F08E00C759E4 /* Views */ = {
			isa = PBXGroup;
			children = (
				1C9D8B0C1943F13A00054BB3 /* UIViewCells */,
				1CCF6C271942DBA400C759E4 /* Main.storyboard */,
			);
			name = Views;
			sourceTree = "<group>";
		};
		1CE5F0B41943CF8300FD8D96 /* Utilities */ = {
			isa = PBXGroup;
			children = (
				1CE5F0B51943CF8D00FD8D96 /* AFNetworkActivityLogger */,
			);
			name = Utilities;
			sourceTree = "<group>";
		};
		1CE5F0B51943CF8D00FD8D96 /* AFNetworkActivityLogger */ = {
			isa = PBXGroup;
			children = (
				1CE5F0B61943CF8D00FD8D96 /* AFNetworkActivityLogger.h */,
				1CE5F0B71943CF8D00FD8D96 /* AFNetworkActivityLogger.m */,
			);
			name = AFNetworkActivityLogger;
			path = "AFNetworkActivityLogger-master";
			sourceTree = "<group>";
		};
/* End PBXGroup section */

/* Begin PBXNativeTarget section */
		1CCF6C111942DBA400C759E4 /* EasyFitApp */ = {
			isa = PBXNativeTarget;
			buildConfigurationList = 1CCF6C441942DBA400C759E4 /* Build configuration list for PBXNativeTarget "EasyFitApp" */;
			buildPhases = (
				FF93AFCB3D8B402E8C175BF3 /* Check Pods Manifest.lock */,
				1CCF6C0E1942DBA400C759E4 /* Sources */,
				1CCF6C0F1942DBA400C759E4 /* Frameworks */,
				1CCF6C101942DBA400C759E4 /* Resources */,
				4AE3AE4D8CB244E8B6C2151F /* Copy Pods Resources */,
			);
			buildRules = (
			);
			dependencies = (
			);
			name = EasyFitApp;
			productName = EasyFitApp;
			productReference = 1CCF6C121942DBA400C759E4 /* EasyFitApp.app */;
			productType = "com.apple.product-type.application";
		};
		1CCF6C321942DBA400C759E4 /* EasyFitAppTests */ = {
			isa = PBXNativeTarget;
			buildConfigurationList = 1CCF6C471942DBA400C759E4 /* Build configuration list for PBXNativeTarget "EasyFitAppTests" */;
			buildPhases = (
				1CCF6C2F1942DBA400C759E4 /* Sources */,
				1CCF6C301942DBA400C759E4 /* Frameworks */,
				1CCF6C311942DBA400C759E4 /* Resources */,
			);
			buildRules = (
			);
			dependencies = (
				1CCF6C391942DBA400C759E4 /* PBXTargetDependency */,
			);
			name = EasyFitAppTests;
			productName = EasyFitAppTests;
			productReference = 1CCF6C331942DBA400C759E4 /* EasyFitAppTests.xctest */;
			productType = "com.apple.product-type.bundle.unit-test";
		};
/* End PBXNativeTarget section */

/* Begin PBXProject section */
		1CCF6C0A1942DBA400C759E4 /* Project object */ = {
			isa = PBXProject;
			attributes = {
				CLASSPREFIX = EFA;
				LastUpgradeCheck = 0510;
				ORGANIZATIONNAME = StartupWeekend;
				TargetAttributes = {
					1CCF6C321942DBA400C759E4 = {
						TestTargetID = 1CCF6C111942DBA400C759E4;
					};
				};
			};
			buildConfigurationList = 1CCF6C0D1942DBA400C759E4 /* Build configuration list for PBXProject "EasyFitApp" */;
			compatibilityVersion = "Xcode 3.2";
			developmentRegion = English;
			hasScannedForEncodings = 0;
			knownRegions = (
				en,
				Base,
			);
			mainGroup = 1CCF6C091942DBA400C759E4;
			productRefGroup = 1CCF6C131942DBA400C759E4 /* Products */;
			projectDirPath = "";
			projectRoot = "";
			targets = (
				1CCF6C111942DBA400C759E4 /* EasyFitApp */,
				1CCF6C321942DBA400C759E4 /* EasyFitAppTests */,
			);
		};
/* End PBXProject section */

/* Begin PBXResourcesBuildPhase section */
		1CCF6C101942DBA400C759E4 /* Resources */ = {
			isa = PBXResourcesBuildPhase;
			buildActionMask = 2147483647;
			files = (
				1CCF6C2E1942DBA400C759E4 /* Images.xcassets in Resources */,
				1CCF6C201942DBA400C759E4 /* InfoPlist.strings in Resources */,
				1CCF6C291942DBA400C759E4 /* Main.storyboard in Resources */,
			);
			runOnlyForDeploymentPostprocessing = 0;
		};
		1CCF6C311942DBA400C759E4 /* Resources */ = {
			isa = PBXResourcesBuildPhase;
			buildActionMask = 2147483647;
			files = (
				1CCF6C3F1942DBA400C759E4 /* InfoPlist.strings in Resources */,
			);
			runOnlyForDeploymentPostprocessing = 0;
		};
/* End PBXResourcesBuildPhase section */

/* Begin PBXShellScriptBuildPhase section */
		4AE3AE4D8CB244E8B6C2151F /* Copy Pods Resources */ = {
			isa = PBXShellScriptBuildPhase;
			buildActionMask = 2147483647;
			files = (
			);
			inputPaths = (
			);
			name = "Copy Pods Resources";
			outputPaths = (
			);
			runOnlyForDeploymentPostprocessing = 0;
			shellPath = /bin/sh;
			shellScript = "\"${SRCROOT}/Pods/Pods-resources.sh\"\n";
			showEnvVarsInLog = 0;
		};
		FF93AFCB3D8B402E8C175BF3 /* Check Pods Manifest.lock */ = {
			isa = PBXShellScriptBuildPhase;
			buildActionMask = 2147483647;
			files = (
			);
			inputPaths = (
			);
			name = "Check Pods Manifest.lock";
			outputPaths = (
			);
			runOnlyForDeploymentPostprocessing = 0;
			shellPath = /bin/sh;
			shellScript = "diff \"${PODS_ROOT}/../Podfile.lock\" \"${PODS_ROOT}/Manifest.lock\" > /dev/null\nif [[ $? != 0 ]] ; then\n    cat << EOM\nerror: The sandbox is not in sync with the Podfile.lock. Run 'pod install' or update your CocoaPods installation.\nEOM\n    exit 1\nfi\n";
			showEnvVarsInLog = 0;
		};
/* End PBXShellScriptBuildPhase section */

/* Begin PBXSourcesBuildPhase section */
		1CCF6C0E1942DBA400C759E4 /* Sources */ = {
			isa = PBXSourcesBuildPhase;
			buildActionMask = 2147483647;
			files = (
				1CE5F0B81943CF8D00FD8D96 /* AFNetworkActivityLogger.m in Sources */,
				1CAE852B1942FCE1007C0152 /* YouTubeVideoProvider.m in Sources */,
				1CAE852E19437A4E007C0152 /* VideoServiceLocator.m in Sources */,
				1C9D8B0F1943F1C000054BB3 /* VideoTableViewCell.m in Sources */,
				1CCF6C221942DBA400C759E4 /* main.m in Sources */,
				1CCF6C571942F0E600C759E4 /* DetoxViewController.m in Sources */,
				1CCF6C4C1942DEC200C759E4 /* MainViewController.m in Sources */,
				1CCF6C541942F0D500C759E4 /* WorkoutViewController.m in Sources */,
				1CCF6C261942DBA400C759E4 /* EFAAppDelegate.m in Sources */,
				1C9D8B1519441F1C00054BB3 /* VideoPlayerViewController.m in Sources */,
				1CCF6C511942F0C300C759E4 /* NutritionViewController.m in Sources */,
				1CAE85281942FA5B007C0152 /* Video.m in Sources */,
			);
			runOnlyForDeploymentPostprocessing = 0;
		};
		1CCF6C2F1942DBA400C759E4 /* Sources */ = {
			isa = PBXSourcesBuildPhase;
			buildActionMask = 2147483647;
			files = (
				1CCF6C411942DBA400C759E4 /* EasyFitAppTests.m in Sources */,
			);
			runOnlyForDeploymentPostprocessing = 0;
		};
/* End PBXSourcesBuildPhase section */

/* Begin PBXTargetDependency section */
		1CCF6C391942DBA400C759E4 /* PBXTargetDependency */ = {
			isa = PBXTargetDependency;
			target = 1CCF6C111942DBA400C759E4 /* EasyFitApp */;
			targetProxy = 1CCF6C381942DBA400C759E4 /* PBXContainerItemProxy */;
		};
/* End PBXTargetDependency section */

/* Begin PBXVariantGroup section */
		1CCF6C1E1942DBA400C759E4 /* InfoPlist.strings */ = {
			isa = PBXVariantGroup;
			children = (
				1CCF6C1F1942DBA400C759E4 /* en */,
			);
			name = InfoPlist.strings;
			sourceTree = "<group>";
		};
		1CCF6C271942DBA400C759E4 /* Main.storyboard */ = {
			isa = PBXVariantGroup;
			children = (
				1CCF6C281942DBA400C759E4 /* Base */,
			);
			name = Main.storyboard;
			sourceTree = "<group>";
		};
		1CCF6C3D1942DBA400C759E4 /* InfoPlist.strings */ = {
			isa = PBXVariantGroup;
			children = (
				1CCF6C3E1942DBA400C759E4 /* en */,
			);
			name = InfoPlist.strings;
			sourceTree = "<group>";
		};
/* End PBXVariantGroup section */

/* Begin XCBuildConfiguration section */
		1CCF6C421942DBA400C759E4 /* Debug */ = {
			isa = XCBuildConfiguration;
			buildSettings = {
				ALWAYS_SEARCH_USER_PATHS = NO;
				CLANG_CXX_LANGUAGE_STANDARD = "gnu++0x";
				CLANG_CXX_LIBRARY = "libc++";
				CLANG_ENABLE_MODULES = YES;
				CLANG_ENABLE_OBJC_ARC = YES;
				CLANG_WARN_BOOL_CONVERSION = YES;
				CLANG_WARN_CONSTANT_CONVERSION = YES;
				CLANG_WARN_DIRECT_OBJC_ISA_USAGE = YES_ERROR;
				CLANG_WARN_EMPTY_BODY = YES;
				CLANG_WARN_ENUM_CONVERSION = YES;
				CLANG_WARN_INT_CONVERSION = YES;
				CLANG_WARN_OBJC_ROOT_CLASS = YES_ERROR;
				CLANG_WARN__DUPLICATE_METHOD_MATCH = YES;
				"CODE_SIGN_IDENTITY[sdk=iphoneos*]" = "iPhone Developer";
				COPY_PHASE_STRIP = NO;
				GCC_C_LANGUAGE_STANDARD = gnu99;
				GCC_DYNAMIC_NO_PIC = NO;
				GCC_OPTIMIZATION_LEVEL = 0;
				GCC_PREPROCESSOR_DEFINITIONS = (
					"DEBUG=1",
					"$(inherited)",
				);
				GCC_SYMBOLS_PRIVATE_EXTERN = NO;
				GCC_WARN_64_TO_32_BIT_CONVERSION = YES;
				GCC_WARN_ABOUT_RETURN_TYPE = YES_ERROR;
				GCC_WARN_UNDECLARED_SELECTOR = YES;
				GCC_WARN_UNINITIALIZED_AUTOS = YES_AGGRESSIVE;
				GCC_WARN_UNUSED_FUNCTION = YES;
				GCC_WARN_UNUSED_VARIABLE = YES;
				IPHONEOS_DEPLOYMENT_TARGET = 7.1;
				ONLY_ACTIVE_ARCH = YES;
				SDKROOT = iphoneos;
			};
			name = Debug;
		};
		1CCF6C431942DBA400C759E4 /* Release */ = {
			isa = XCBuildConfiguration;
			buildSettings = {
				ALWAYS_SEARCH_USER_PATHS = NO;
				CLANG_CXX_LANGUAGE_STANDARD = "gnu++0x";
				CLANG_CXX_LIBRARY = "libc++";
				CLANG_ENABLE_MODULES = YES;
				CLANG_ENABLE_OBJC_ARC = YES;
				CLANG_WARN_BOOL_CONVERSION = YES;
				CLANG_WARN_CONSTANT_CONVERSION = YES;
				CLANG_WARN_DIRECT_OBJC_ISA_USAGE = YES_ERROR;
				CLANG_WARN_EMPTY_BODY = YES;
				CLANG_WARN_ENUM_CONVERSION = YES;
				CLANG_WARN_INT_CONVERSION = YES;
				CLANG_WARN_OBJC_ROOT_CLASS = YES_ERROR;
				CLANG_WARN__DUPLICATE_METHOD_MATCH = YES;
				"CODE_SIGN_IDENTITY[sdk=iphoneos*]" = "iPhone Developer";
				COPY_PHASE_STRIP = YES;
				ENABLE_NS_ASSERTIONS = NO;
				GCC_C_LANGUAGE_STANDARD = gnu99;
				GCC_WARN_64_TO_32_BIT_CONVERSION = YES;
				GCC_WARN_ABOUT_RETURN_TYPE = YES_ERROR;
				GCC_WARN_UNDECLARED_SELECTOR = YES;
				GCC_WARN_UNINITIALIZED_AUTOS = YES_AGGRESSIVE;
				GCC_WARN_UNUSED_FUNCTION = YES;
				GCC_WARN_UNUSED_VARIABLE = YES;
				IPHONEOS_DEPLOYMENT_TARGET = 7.1;
				SDKROOT = iphoneos;
				VALIDATE_PRODUCT = YES;
			};
			name = Release;
		};
		1CCF6C451942DBA400C759E4 /* Debug */ = {
			isa = XCBuildConfiguration;
			baseConfigurationReference = 14CFDAD1E6674997B7BBB7CA /* Pods.xcconfig */;
			buildSettings = {
				ASSETCATALOG_COMPILER_APPICON_NAME = AppIcon;
				ASSETCATALOG_COMPILER_LAUNCHIMAGE_NAME = LaunchImage;
				GCC_PRECOMPILE_PREFIX_HEADER = YES;
				GCC_PREFIX_HEADER = "EasyFitApp/EasyFitApp-Prefix.pch";
				INFOPLIST_FILE = "EasyFitApp/EasyFitApp-Info.plist";
				PRODUCT_NAME = "$(TARGET_NAME)";
				WRAPPER_EXTENSION = app;
			};
			name = Debug;
		};
		1CCF6C461942DBA400C759E4 /* Release */ = {
			isa = XCBuildConfiguration;
			baseConfigurationReference = 14CFDAD1E6674997B7BBB7CA /* Pods.xcconfig */;
			buildSettings = {
				ASSETCATALOG_COMPILER_APPICON_NAME = AppIcon;
				ASSETCATALOG_COMPILER_LAUNCHIMAGE_NAME = LaunchImage;
				GCC_PRECOMPILE_PREFIX_HEADER = YES;
				GCC_PREFIX_HEADER = "EasyFitApp/EasyFitApp-Prefix.pch";
				INFOPLIST_FILE = "EasyFitApp/EasyFitApp-Info.plist";
				PRODUCT_NAME = "$(TARGET_NAME)";
				WRAPPER_EXTENSION = app;
			};
			name = Release;
		};
		1CCF6C481942DBA400C759E4 /* Debug */ = {
			isa = XCBuildConfiguration;
			buildSettings = {
				BUNDLE_LOADER = "$(BUILT_PRODUCTS_DIR)/EasyFitApp.app/EasyFitApp";
				FRAMEWORK_SEARCH_PATHS = (
					"$(SDKROOT)/Developer/Library/Frameworks",
					"$(inherited)",
					"$(DEVELOPER_FRAMEWORKS_DIR)",
				);
				GCC_PRECOMPILE_PREFIX_HEADER = YES;
				GCC_PREFIX_HEADER = "EasyFitApp/EasyFitApp-Prefix.pch";
				GCC_PREPROCESSOR_DEFINITIONS = (
					"DEBUG=1",
					"$(inherited)",
				);
				INFOPLIST_FILE = "EasyFitAppTests/EasyFitAppTests-Info.plist";
				PRODUCT_NAME = "$(TARGET_NAME)";
				TEST_HOST = "$(BUNDLE_LOADER)";
				WRAPPER_EXTENSION = xctest;
			};
			name = Debug;
		};
		1CCF6C491942DBA400C759E4 /* Release */ = {
			isa = XCBuildConfiguration;
			buildSettings = {
				BUNDLE_LOADER = "$(BUILT_PRODUCTS_DIR)/EasyFitApp.app/EasyFitApp";
				FRAMEWORK_SEARCH_PATHS = (
					"$(SDKROOT)/Developer/Library/Frameworks",
					"$(inherited)",
					"$(DEVELOPER_FRAMEWORKS_DIR)",
				);
				GCC_PRECOMPILE_PREFIX_HEADER = YES;
				GCC_PREFIX_HEADER = "EasyFitApp/EasyFitApp-Prefix.pch";
				INFOPLIST_FILE = "EasyFitAppTests/EasyFitAppTests-Info.plist";
				PRODUCT_NAME = "$(TARGET_NAME)";
				TEST_HOST = "$(BUNDLE_LOADER)";
				WRAPPER_EXTENSION = xctest;
			};
			name = Release;
		};
/* End XCBuildConfiguration section */

/* Begin XCConfigurationList section */
		1CCF6C0D1942DBA400C759E4 /* Build configuration list for PBXProject "EasyFitApp" */ = {
			isa = XCConfigurationList;
			buildConfigurations = (
				1CCF6C421942DBA400C759E4 /* Debug */,
				1CCF6C431942DBA400C759E4 /* Release */,
			);
			defaultConfigurationIsVisible = 0;
			defaultConfigurationName = Release;
		};
		1CCF6C441942DBA400C759E4 /* Build configuration list for PBXNativeTarget "EasyFitApp" */ = {
			isa = XCConfigurationList;
			buildConfigurations = (
				1CCF6C451942DBA400C759E4 /* Debug */,
				1CCF6C461942DBA400C759E4 /* Release */,
			);
			defaultConfigurationIsVisible = 0;
			defaultConfigurationName = Release;
		};
		1CCF6C471942DBA400C759E4 /* Build configuration list for PBXNativeTarget "EasyFitAppTests" */ = {
			isa = XCConfigurationList;
			buildConfigurations = (
				1CCF6C481942DBA400C759E4 /* Debug */,
				1CCF6C491942DBA400C759E4 /* Release */,
			);
			defaultConfigurationIsVisible = 0;
			defaultConfigurationName = Release;
		};
/* End XCConfigurationList section */
	};
	rootObject = 1CCF6C0A1942DBA400C759E4 /* Project object */;
}
